
Microsoft Visual Studio Solution File, Format Version 12.00
# Visual Studio Version 17
VisualStudioVersion = 17.0.31903.59
MinimumVisualStudioVersion = 10.0.40219.1
Project("{FAE04EC0-301F-11D3-BF4B-00C04F79EFBC}") = "AssetManagement.Domain", "AssetManagement.Domain\AssetManagement.Domain.csproj", "{241CE921-E04B-4D88-8AA9-A1A594E63231}"
EndProject
Project("{FAE04EC0-301F-11D3-BF4B-00C04F79EFBC}") = "AssetManagement.Application", "AssetManagement.Application\AssetManagement.Application.csproj", "{45E2419C-A4BC-4C1C-91C1-944693517000}"
EndProject
Project("{FAE04EC0-301F-11D3-BF4B-00C04F79EFBC}") = "AssetManagement.Infrastructure", "AssetManagement.Infrastructure\AssetManagement.Infrastructure.csproj", "{DC4B6E26-2724-4772-9325-6A6FD1FC91A7}"
EndProject
Project("{FAE04EC0-301F-11D3-BF4B-00C04F79EFBC}") = "AssetManagement.API", "AssetManagement.API\AssetManagement.API.csproj", "{3ABA41CF-FA16-40EB-8283-E44CDADE7EA5}"
EndProject
Global
	GlobalSection(SolutionConfigurationPlatforms) = preSolution
		Debug|Any CPU = Debug|Any CPU
		Debug|x64 = Debug|x64
		Debug|x86 = Debug|x86
		Release|Any CPU = Release|Any CPU
		Release|x64 = Release|x64
		Release|x86 = Release|x86
	EndGlobalSection
	GlobalSection(ProjectConfigurationPlatforms) = postSolution
		{241CE921-E04B-4D88-8AA9-A1A594E63231}.Debug|Any CPU.ActiveCfg = Debug|Any CPU
		{241CE921-E04B-4D88-8AA9-A1A594E63231}.Debug|Any CPU.Build.0 = Debug|Any CPU
		{241CE921-E04B-4D88-8AA9-A1A594E63231}.Debug|x64.ActiveCfg = Debug|Any CPU
		{241CE921-E04B-4D88-8AA9-A1A594E63231}.Debug|x64.Build.0 = Debug|Any CPU
		{241CE921-E04B-4D88-8AA9-A1A594E63231}.Debug|x86.ActiveCfg = Debug|Any CPU
		{241CE921-E04B-4D88-8AA9-A1A594E63231}.Debug|x86.Build.0 = Debug|Any CPU
		{241CE921-E04B-4D88-8AA9-A1A594E63231}.Release|Any CPU.ActiveCfg = Release|Any CPU
		{241CE921-E04B-4D88-8AA9-A1A594E63231}.Release|Any CPU.Build.0 = Release|Any CPU
		{241CE921-E04B-4D88-8AA9-A1A594E63231}.Release|x64.ActiveCfg = Release|Any CPU
		{241CE921-E04B-4D88-8AA9-A1A594E63231}.Release|x64.Build.0 = Release|Any CPU
		{241CE921-E04B-4D88-8AA9-A1A594E63231}.Release|x86.ActiveCfg = Release|Any CPU
		{241CE921-E04B-4D88-8AA9-A1A594E63231}.Release|x86.Build.0 = Release|Any CPU
		{45E2419C-A4BC-4C1C-91C1-944693517000}.Debug|Any CPU.ActiveCfg = Debug|Any CPU
		{45E2419C-A4BC-4C1C-91C1-944693517000}.Debug|Any CPU.Build.0 = Debug|Any CPU
		{45E2419C-A4BC-4C1C-91C1-944693517000}.Debug|x64.ActiveCfg = Debug|Any CPU
		{45E2419C-A4BC-4C1C-91C1-944693517000}.Debug|x64.Build.0 = Debug|Any CPU
		{45E2419C-A4BC-4C1C-91C1-944693517000}.Debug|x86.ActiveCfg = Debug|Any CPU
		{45E2419C-A4BC-4C1C-91C1-944693517000}.Debug|x86.Build.0 = Debug|Any CPU
		{45E2419C-A4BC-4C1C-91C1-944693517000}.Release|Any CPU.ActiveCfg = Release|Any CPU
		{45E2419C-A4BC-4C1C-91C1-944693517000}.Release|Any CPU.Build.0 = Release|Any CPU
		{45E2419C-A4BC-4C1C-91C1-944693517000}.Release|x64.ActiveCfg = Release|Any CPU
		{45E2419C-A4BC-4C1C-91C1-944693517000}.Release|x64.Build.0 = Release|Any CPU
		{45E2419C-A4BC-4C1C-91C1-944693517000}.Release|x86.ActiveCfg = Release|Any CPU
		{45E2419C-A4BC-4C1C-91C1-944693517000}.Release|x86.Build.0 = Release|Any CPU
		{DC4B6E26-2724-4772-9325-6A6FD1FC91A7}.Debug|Any CPU.ActiveCfg = Debug|Any CPU
		{DC4B6E26-2724-4772-9325-6A6FD1FC91A7}.Debug|Any CPU.Build.0 = Debug|Any CPU
		{DC4B6E26-2724-4772-9325-6A6FD1FC91A7}.Debug|x64.ActiveCfg = Debug|Any CPU
		{DC4B6E26-2724-4772-9325-6A6FD1FC91A7}.Debug|x64.Build.0 = Debug|Any CPU
		{DC4B6E26-2724-4772-9325-6A6FD1FC91A7}.Debug|x86.ActiveCfg = Debug|Any CPU
		{DC4B6E26-2724-4772-9325-6A6FD1FC91A7}.Debug|x86.Build.0 = Debug|Any CPU
		{DC4B6E26-2724-4772-9325-6A6FD1FC91A7}.Release|Any CPU.ActiveCfg = Release|Any CPU
		{DC4B6E26-2724-4772-9325-6A6FD1FC91A7}.Release|Any CPU.Build.0 = Release|Any CPU
		{DC4B6E26-2724-4772-9325-6A6FD1FC91A7}.Release|x64.ActiveCfg = Release|Any CPU
		{DC4B6E26-2724-4772-9325-6A6FD1FC91A7}.Release|x64.Build.0 = Release|Any CPU
		{DC4B6E26-2724-4772-9325-6A6FD1FC91A7}.Release|x86.ActiveCfg = Release|Any CPU
		{DC4B6E26-2724-4772-9325-6A6FD1FC91A7}.Release|x86.Build.0 = Release|Any CPU
		{3ABA41CF-FA16-40EB-8283-E44CDADE7EA5}.Debug|Any CPU.ActiveCfg = Debug|Any CPU
		{3ABA41CF-FA16-40EB-8283-E44CDADE7EA5}.Debug|Any CPU.Build.0 = Debug|Any CPU
		{3ABA41CF-FA16-40EB-8283-E44CDADE7EA5}.Debug|x64.ActiveCfg = Debug|Any CPU
		{3ABA41CF-FA16-40EB-8283-E44CDADE7EA5}.Debug|x64.Build.0 = Debug|Any CPU
		{3ABA41CF-FA16-40EB-8283-E44CDADE7EA5}.Debug|x86.ActiveCfg = Debug|Any CPU
		{3ABA41CF-FA16-40EB-8283-E44CDADE7EA5}.Debug|x86.Build.0 = Debug|Any CPU
		{3ABA41CF-FA16-40EB-8283-E44CDADE7EA5}.Release|Any CPU.ActiveCfg = Release|Any CPU
		{3ABA41CF-FA16-40EB-8283-E44CDADE7EA5}.Release|Any CPU.Build.0 = Release|Any CPU
		{3ABA41CF-FA16-40EB-8283-E44CDADE7EA5}.Release|x64.ActiveCfg = Release|Any CPU
		{3ABA41CF-FA16-40EB-8283-E44CDADE7EA5}.Release|x64.Build.0 = Release|Any CPU
		{3ABA41CF-FA16-40EB-8283-E44CDADE7EA5}.Release|x86.ActiveCfg = Release|Any CPU
		{3ABA41CF-FA16-40EB-8283-E44CDADE7EA5}.Release|x86.Build.0 = Release|Any CPU
	EndGlobalSection
	GlobalSection(SolutionProperties) = preSolution
		HideSolutionNode = FALSE
	EndGlobalSection
EndGlobal
